// !$*UTF8*$!
{
	archiveVersion = 1;
	classes = {
	};
	objectVersion = 50;
	objects = {

/* Begin PBXBuildFile section */
		ED625AB022B69F5700F01C3F /* AppDelegate.swift in Sources */ = {isa = PBXBuildFile; fileRef = ED625AAF22B69F5700F01C3F /* AppDelegate.swift */; };
		ED625AB222B69F5700F01C3F /* SceneDelegate.swift in Sources */ = {isa = PBXBuildFile; fileRef = ED625AB122B69F5700F01C3F /* SceneDelegate.swift */; };
		ED625AB422B69F5700F01C3F /* ContentView.swift in Sources */ = {isa = PBXBuildFile; fileRef = ED625AB322B69F5700F01C3F /* ContentView.swift */; };
		ED625AB622B69F5800F01C3F /* Assets.xcassets in Resources */ = {isa = PBXBuildFile; fileRef = ED625AB522B69F5800F01C3F /* Assets.xcassets */; };
		ED625AB922B69F5800F01C3F /* Preview Assets.xcassets in Resources */ = {isa = PBXBuildFile; fileRef = ED625AB822B69F5800F01C3F /* Preview Assets.xcassets */; };
		ED625ABC22B69F5800F01C3F /* LaunchScreen.storyboard in Resources */ = {isa = PBXBuildFile; fileRef = ED625ABA22B69F5800F01C3F /* LaunchScreen.storyboard */; };
		ED625AC722B69F5900F01C3F /* SwiftPackagesExplorerTests.swift in Sources */ = {isa = PBXBuildFile; fileRef = ED625AC622B69F5900F01C3F /* SwiftPackagesExplorerTests.swift */; };
		ED625AD222B69F5900F01C3F /* SwiftPackagesExplorerUITests.swift in Sources */ = {isa = PBXBuildFile; fileRef = ED625AD122B69F5900F01C3F /* SwiftPackagesExplorerUITests.swift */; };
/* End PBXBuildFile section */

/* Begin PBXContainerItemProxy section */
		ED625AC322B69F5900F01C3F /* PBXContainerItemProxy */ = {
			isa = PBXContainerItemProxy;
			containerPortal = ED625AA422B69F5700F01C3F /* Project object */;
			proxyType = 1;
			remoteGlobalIDString = ED625AAB22B69F5700F01C3F;
			remoteInfo = SwiftPackagesExplorer;
		};
		ED625ACE22B69F5900F01C3F /* PBXContainerItemProxy */ = {
			isa = PBXContainerItemProxy;
			containerPortal = ED625AA422B69F5700F01C3F /* Project object */;
			proxyType = 1;
			remoteGlobalIDString = ED625AAB22B69F5700F01C3F;
			remoteInfo = SwiftPackagesExplorer;
		};
/* End PBXContainerItemProxy section */

/* Begin PBXFileReference section */
		ED625AAC22B69F5700F01C3F /* SwiftPackagesExplorer.app */ = {isa = PBXFileReference; explicitFileType = wrapper.application; includeInIndex = 0; path = SwiftPackagesExplorer.app; sourceTree = BUILT_PRODUCTS_DIR; };
		ED625AAF22B69F5700F01C3F /* AppDelegate.swift */ = {isa = PBXFileReference; lastKnownFileType = sourcecode.swift; path = AppDelegate.swift; sourceTree = "<group>"; };
		ED625AB122B69F5700F01C3F /* SceneDelegate.swift */ = {isa = PBXFileReference; lastKnownFileType = sourcecode.swift; path = SceneDelegate.swift; sourceTree = "<group>"; };
		ED625AB322B69F5700F01C3F /* ContentView.swift */ = {isa = PBXFileReference; lastKnownFileType = sourcecode.swift; path = ContentView.swift; sourceTree = "<group>"; };
		ED625AB522B69F5800F01C3F /* Assets.xcassets */ = {isa = PBXFileReference; lastKnownFileType = folder.assetcatalog; path = Assets.xcassets; sourceTree = "<group>"; };
		ED625AB822B69F5800F01C3F /* Preview Assets.xcassets */ = {isa = PBXFileReference; lastKnownFileType = folder.assetcatalog; path = "Preview Assets.xcassets"; sourceTree = "<group>"; };
		ED625ABB22B69F5800F01C3F /* Base */ = {isa = PBXFileReference; lastKnownFileType = file.storyboard; name = Base; path = Base.lproj/LaunchScreen.storyboard; sourceTree = "<group>"; };
		ED625ABD22B69F5800F01C3F /* Info.plist */ = {isa = PBXFileReference; lastKnownFileType = text.plist.xml; path = Info.plist; sourceTree = "<group>"; };
		ED625AC222B69F5900F01C3F /* SwiftPackagesExplorerTests.xctest */ = {isa = PBXFileReference; explicitFileType = wrapper.cfbundle; includeInIndex = 0; path = SwiftPackagesExplorerTests.xctest; sourceTree = BUILT_PRODUCTS_DIR; };
		ED625AC622B69F5900F01C3F /* SwiftPackagesExplorerTests.swift */ = {isa = PBXFileReference; lastKnownFileType = sourcecode.swift; path = SwiftPackagesExplorerTests.swift; sourceTree = "<group>"; };
		ED625AC822B69F5900F01C3F /* Info.plist */ = {isa = PBXFileReference; lastKnownFileType = text.plist.xml; path = Info.plist; sourceTree = "<group>"; };
		ED625ACD22B69F5900F01C3F /* SwiftPackagesExplorerUITests.xctest */ = {isa = PBXFileReference; explicitFileType = wrapper.cfbundle; includeInIndex = 0; path = SwiftPackagesExplorerUITests.xctest; sourceTree = BUILT_PRODUCTS_DIR; };
		ED625AD122B69F5900F01C3F /* SwiftPackagesExplorerUITests.swift */ = {isa = PBXFileReference; lastKnownFileType = sourcecode.swift; path = SwiftPackagesExplorerUITests.swift; sourceTree = "<group>"; };
		ED625AD322B69F5900F01C3F /* Info.plist */ = {isa = PBXFileReference; lastKnownFileType = text.plist.xml; path = Info.plist; sourceTree = "<group>"; };
/* End PBXFileReference section */

/* Begin PBXFrameworksBuildPhase section */
		ED625AA922B69F5700F01C3F /* Frameworks */ = {
			isa = PBXFrameworksBuildPhase;
			buildActionMask = 2147483647;
			files = (
			);
			runOnlyForDeploymentPostprocessing = 0;
		};
		ED625ABF22B69F5900F01C3F /* Frameworks */ = {
			isa = PBXFrameworksBuildPhase;
			buildActionMask = 2147483647;
			files = (
			);
			runOnlyForDeploymentPostprocessing = 0;
		};
		ED625ACA22B69F5900F01C3F /* Frameworks */ = {
			isa = PBXFrameworksBuildPhase;
			buildActionMask = 2147483647;
			files = (
			);
			runOnlyForDeploymentPostprocessing = 0;
		};
/* End PBXFrameworksBuildPhase section */

/* Begin PBXGroup section */
		ED625AA322B69F5700F01C3F = {
			isa = PBXGroup;
			children = (
				ED625AAE22B69F5700F01C3F /* SwiftPackagesExplorer */,
				ED625AC522B69F5900F01C3F /* SwiftPackagesExplorerTests */,
				ED625AD022B69F5900F01C3F /* SwiftPackagesExplorerUITests */,
				ED625AAD22B69F5700F01C3F /* Products */,
			);
			sourceTree = "<group>";
		};
		ED625AAD22B69F5700F01C3F /* Products */ = {
			isa = PBXGroup;
			children = (
				ED625AAC22B69F5700F01C3F /* SwiftPackagesExplorer.app */,
				ED625AC222B69F5900F01C3F /* SwiftPackagesExplorerTests.xctest */,
				ED625ACD22B69F5900F01C3F /* SwiftPackagesExplorerUITests.xctest */,
			);
			name = Products;
			sourceTree = "<group>";
		};
		ED625AAE22B69F5700F01C3F /* SwiftPackagesExplorer */ = {
			isa = PBXGroup;
			children = (
				ED625AAF22B69F5700F01C3F /* AppDelegate.swift */,
				ED625AB122B69F5700F01C3F /* SceneDelegate.swift */,
				ED625AB322B69F5700F01C3F /* ContentView.swift */,
				ED625AB522B69F5800F01C3F /* Assets.xcassets */,
				ED625ABA22B69F5800F01C3F /* LaunchScreen.storyboard */,
				ED625ABD22B69F5800F01C3F /* Info.plist */,
				ED625AB722B69F5800F01C3F /* Preview Content */,
			);
			path = SwiftPackagesExplorer;
			sourceTree = "<group>";
		};
		ED625AB722B69F5800F01C3F /* Preview Content */ = {
			isa = PBXGroup;
			children = (
				ED625AB822B69F5800F01C3F /* Preview Assets.xcassets */,
			);
			path = "Preview Content";
			sourceTree = "<group>";
		};
		ED625AC522B69F5900F01C3F /* SwiftPackagesExplorerTests */ = {
			isa = PBXGroup;
			children = (
				ED625AC622B69F5900F01C3F /* SwiftPackagesExplorerTests.swift */,
				ED625AC822B69F5900F01C3F /* Info.plist */,
			);
			path = SwiftPackagesExplorerTests;
			sourceTree = "<group>";
		};
		ED625AD022B69F5900F01C3F /* SwiftPackagesExplorerUITests */ = {
			isa = PBXGroup;
			children = (
				ED625AD122B69F5900F01C3F /* SwiftPackagesExplorerUITests.swift */,
				ED625AD322B69F5900F01C3F /* Info.plist */,
			);
			path = SwiftPackagesExplorerUITests;
			sourceTree = "<group>";
		};
/* End PBXGroup section */

/* Begin PBXNativeTarget section */
		ED625AAB22B69F5700F01C3F /* SwiftPackagesExplorer */ = {
			isa = PBXNativeTarget;
			buildConfigurationList = ED625AD622B69F5900F01C3F /* Build configuration list for PBXNativeTarget "SwiftPackagesExplorer" */;
			buildPhases = (
				ED625AA822B69F5700F01C3F /* Sources */,
				ED625AA922B69F5700F01C3F /* Frameworks */,
				ED625AAA22B69F5700F01C3F /* Resources */,
			);
			buildRules = (
			);
			dependencies = (
			);
			name = SwiftPackagesExplorer;
			productName = SwiftPackagesExplorer;
			productReference = ED625AAC22B69F5700F01C3F /* SwiftPackagesExplorer.app */;
			productType = "com.apple.product-type.application";
		};
		ED625AC122B69F5900F01C3F /* SwiftPackagesExplorerTests */ = {
			isa = PBXNativeTarget;
			buildConfigurationList = ED625AD922B69F5900F01C3F /* Build configuration list for PBXNativeTarget "SwiftPackagesExplorerTests" */;
			buildPhases = (
				ED625ABE22B69F5900F01C3F /* Sources */,
				ED625ABF22B69F5900F01C3F /* Frameworks */,
				ED625AC022B69F5900F01C3F /* Resources */,
			);
			buildRules = (
			);
			dependencies = (
				ED625AC422B69F5900F01C3F /* PBXTargetDependency */,
			);
			name = SwiftPackagesExplorerTests;
			productName = SwiftPackagesExplorerTests;
			productReference = ED625AC222B69F5900F01C3F /* SwiftPackagesExplorerTests.xctest */;
			productType = "com.apple.product-type.bundle.unit-test";
		};
		ED625ACC22B69F5900F01C3F /* SwiftPackagesExplorerUITests */ = {
			isa = PBXNativeTarget;
			buildConfigurationList = ED625ADC22B69F5900F01C3F /* Build configuration list for PBXNativeTarget "SwiftPackagesExplorerUITests" */;
			buildPhases = (
				ED625AC922B69F5900F01C3F /* Sources */,
				ED625ACA22B69F5900F01C3F /* Frameworks */,
				ED625ACB22B69F5900F01C3F /* Resources */,
			);
			buildRules = (
			);
			dependencies = (
				ED625ACF22B69F5900F01C3F /* PBXTargetDependency */,
			);
			name = SwiftPackagesExplorerUITests;
			productName = SwiftPackagesExplorerUITests;
			productReference = ED625ACD22B69F5900F01C3F /* SwiftPackagesExplorerUITests.xctest */;
			productType = "com.apple.product-type.bundle.ui-testing";
		};
/* End PBXNativeTarget section */

/* Begin PBXProject section */
		ED625AA422B69F5700F01C3F /* Project object */ = {
			isa = PBXProject;
			attributes = {
				LastSwiftUpdateCheck = 1100;
				LastUpgradeCheck = 1100;
				ORGANIZATIONNAME = kukushechkin;
				TargetAttributes = {
					ED625AAB22B69F5700F01C3F = {
						CreatedOnToolsVersion = 11.0;
					};
					ED625AC122B69F5900F01C3F = {
						CreatedOnToolsVersion = 11.0;
						TestTargetID = ED625AAB22B69F5700F01C3F;
					};
					ED625ACC22B69F5900F01C3F = {
						CreatedOnToolsVersion = 11.0;
						TestTargetID = ED625AAB22B69F5700F01C3F;
					};
				};
			};
			buildConfigurationList = ED625AA722B69F5700F01C3F /* Build configuration list for PBXProject "SwiftPackagesExplorer" */;
			compatibilityVersion = "Xcode 9.3";
			developmentRegion = en;
			hasScannedForEncodings = 0;
			knownRegions = (
				en,
				Base,
			);
			mainGroup = ED625AA322B69F5700F01C3F;
			productRefGroup = ED625AAD22B69F5700F01C3F /* Products */;
			projectDirPath = "";
			projectRoot = "";
			targets = (
				ED625AAB22B69F5700F01C3F /* SwiftPackagesExplorer */,
				ED625AC122B69F5900F01C3F /* SwiftPackagesExplorerTests */,
				ED625ACC22B69F5900F01C3F /* SwiftPackagesExplorerUITests */,
			);
		};
/* End PBXProject section */

/* Begin PBXResourcesBuildPhase section */
		ED625AAA22B69F5700F01C3F /* Resources */ = {
			isa = PBXResourcesBuildPhase;
			buildActionMask = 2147483647;
			files = (
				ED625ABC22B69F5800F01C3F /* LaunchScreen.storyboard in Resources */,
				ED625AB922B69F5800F01C3F /* Preview Assets.xcassets in Resources */,
				ED625AB622B69F5800F01C3F /* Assets.xcassets in Resources */,
			);
			runOnlyForDeploymentPostprocessing = 0;
		};
		ED625AC022B69F5900F01C3F /* Resources */ = {
			isa = PBXResourcesBuildPhase;
			buildActionMask = 2147483647;
			files = (
			);
			runOnlyForDeploymentPostprocessing = 0;
		};
		ED625ACB22B69F5900F01C3F /* Resources */ = {
			isa = PBXResourcesBuildPhase;
			buildActionMask = 2147483647;
			files = (
			);
			runOnlyForDeploymentPostprocessing = 0;
		};
/* End PBXResourcesBuildPhase section */

/* Begin PBXSourcesBuildPhase section */
		ED625AA822B69F5700F01C3F /* Sources */ = {
			isa = PBXSourcesBuildPhase;
			buildActionMask = 2147483647;
			files = (
				ED625AB022B69F5700F01C3F /* AppDelegate.swift in Sources */,
				ED625AB222B69F5700F01C3F /* SceneDelegate.swift in Sources */,
				ED625AB422B69F5700F01C3F /* ContentView.swift in Sources */,
			);
			runOnlyForDeploymentPostprocessing = 0;
		};
		ED625ABE22B69F5900F01C3F /* Sources */ = {
			isa = PBXSourcesBuildPhase;
			buildActionMask = 2147483647;
			files = (
				ED625AC722B69F5900F01C3F /* SwiftPackagesExplorerTests.swift in Sources */,
			);
			runOnlyForDeploymentPostprocessing = 0;
		};
		ED625AC922B69F5900F01C3F /* Sources */ = {
			isa = PBXSourcesBuildPhase;
			buildActionMask = 2147483647;
			files = (
				ED625AD222B69F5900F01C3F /* SwiftPackagesExplorerUITests.swift in Sources */,
			);
			runOnlyForDeploymentPostprocessing = 0;
		};
/* End PBXSourcesBuildPhase section */

/* Begin PBXTargetDependency section */
		ED625AC422B69F5900F01C3F /* PBXTargetDependency */ = {
			isa = PBXTargetDependency;
			target = ED625AAB22B69F5700F01C3F /* SwiftPackagesExplorer */;
			targetProxy = ED625AC322B69F5900F01C3F /* PBXContainerItemProxy */;
		};
		ED625ACF22B69F5900F01C3F /* PBXTargetDependency */ = {
			isa = PBXTargetDependency;
			target = ED625AAB22B69F5700F01C3F /* SwiftPackagesExplorer */;
			targetProxy = ED625ACE22B69F5900F01C3F /* PBXContainerItemProxy */;
		};
/* End PBXTargetDependency section */

/* Begin PBXVariantGroup section */
		ED625ABA22B69F5800F01C3F /* LaunchScreen.storyboard */ = {
			isa = PBXVariantGroup;
			children = (
				ED625ABB22B69F5800F01C3F /* Base */,
			);
			name = LaunchScreen.storyboard;
			sourceTree = "<group>";
		};
/* End PBXVariantGroup section */

/* Begin XCBuildConfiguration section */
		ED625AD422B69F5900F01C3F /* Debug */ = {
			isa = XCBuildConfiguration;
			buildSettings = {
				ALWAYS_SEARCH_USER_PATHS = NO;
				CLANG_ANALYZER_NONNULL = YES;
				CLANG_ANALYZER_NUMBER_OBJECT_CONVERSION = YES_AGGRESSIVE;
				CLANG_CXX_LANGUAGE_STANDARD = "gnu++14";
				CLANG_CXX_LIBRARY = "libc++";
				CLANG_ENABLE_MODULES = YES;
				CLANG_ENABLE_OBJC_ARC = YES;
				CLANG_ENABLE_OBJC_WEAK = YES;
				CLANG_WARN_BLOCK_CAPTURE_AUTORELEASING = YES;
				CLANG_WARN_BOOL_CONVERSION = YES;
				CLANG_WARN_COMMA = YES;
				CLANG_WARN_CONSTANT_CONVERSION = YES;
				CLANG_WARN_DEPRECATED_OBJC_IMPLEMENTATIONS = YES;
				CLANG_WARN_DIRECT_OBJC_ISA_USAGE = YES_ERROR;
				CLANG_WARN_DOCUMENTATION_COMMENTS = YES;
				CLANG_WARN_EMPTY_BODY = YES;
				CLANG_WARN_ENUM_CONVERSION = YES;
				CLANG_WARN_INFINITE_RECURSION = YES;
				CLANG_WARN_INT_CONVERSION = YES;
				CLANG_WARN_NON_LITERAL_NULL_CONVERSION = YES;
				CLANG_WARN_OBJC_IMPLICIT_RETAIN_SELF = YES;
				CLANG_WARN_OBJC_LITERAL_CONVERSION = YES;
				CLANG_WARN_OBJC_ROOT_CLASS = YES_ERROR;
				CLANG_WARN_RANGE_LOOP_ANALYSIS = YES;
				CLANG_WARN_STRICT_PROTOTYPES = YES;
				CLANG_WARN_SUSPICIOUS_MOVE = YES;
				CLANG_WARN_UNGUARDED_AVAILABILITY = YES_AGGRESSIVE;
				CLANG_WARN_UNREACHABLE_CODE = YES;
				CLANG_WARN__DUPLICATE_METHOD_MATCH = YES;
				COPY_PHASE_STRIP = NO;
				DEBUG_INFORMATION_FORMAT = dwarf;
				ENABLE_STRICT_OBJC_MSGSEND = YES;
				ENABLE_TESTABILITY = YES;
				GCC_C_LANGUAGE_STANDARD = gnu11;
				GCC_DYNAMIC_NO_PIC = NO;
				GCC_NO_COMMON_BLOCKS = YES;
				GCC_OPTIMIZATION_LEVEL = 0;
				GCC_PREPROCESSOR_DEFINITIONS = (
					"DEBUG=1",
					"$(inherited)",
				);
				GCC_WARN_64_TO_32_BIT_CONVERSION = YES;
				GCC_WARN_ABOUT_RETURN_TYPE = YES_ERROR;
				GCC_WARN_UNDECLARED_SELECTOR = YES;
				GCC_WARN_UNINITIALIZED_AUTOS = YES_AGGRESSIVE;
				GCC_WARN_UNUSED_FUNCTION = YES;
				GCC_WARN_UNUSED_VARIABLE = YES;
				IPHONEOS_DEPLOYMENT_TARGET = 13.0;
				MTL_ENABLE_DEBUG_INFO = INCLUDE_SOURCE;
				MTL_FAST_MATH = YES;
				ONLY_ACTIVE_ARCH = YES;
				SDKROOT = iphoneos;
				SWIFT_ACTIVE_COMPILATION_CONDITIONS = DEBUG;
				SWIFT_OPTIMIZATION_LEVEL = "-Onone";
			};
			name = Debug;
		};
		ED625AD522B69F5900F01C3F /* Release */ = {
			isa = XCBuildConfiguration;
			buildSettings = {
				ALWAYS_SEARCH_USER_PATHS = NO;
				CLANG_ANALYZER_NONNULL = YES;
				CLANG_ANALYZER_NUMBER_OBJECT_CONVERSION = YES_AGGRESSIVE;
				CLANG_CXX_LANGUAGE_STANDARD = "gnu++14";
				CLANG_CXX_LIBRARY = "libc++";
				CLANG_ENABLE_MODULES = YES;
				CLANG_ENABLE_OBJC_ARC = YES;
				CLANG_ENABLE_OBJC_WEAK = YES;
				CLANG_WARN_BLOCK_CAPTURE_AUTORELEASING = YES;
				CLANG_WARN_BOOL_CONVERSION = YES;
				CLANG_WARN_COMMA = YES;
				CLANG_WARN_CONSTANT_CONVERSION = YES;
				CLANG_WARN_DEPRECATED_OBJC_IMPLEMENTATIONS = YES;
				CLANG_WARN_DIRECT_OBJC_ISA_USAGE = YES_ERROR;
				CLANG_WARN_DOCUMENTATION_COMMENTS = YES;
				CLANG_WARN_EMPTY_BODY = YES;
				CLANG_WARN_ENUM_CONVERSION = YES;
				CLANG_WARN_INFINITE_RECURSION = YES;
				CLANG_WARN_INT_CONVERSION = YES;
				CLANG_WARN_NON_LITERAL_NULL_CONVERSION = YES;
				CLANG_WARN_OBJC_IMPLICIT_RETAIN_SELF = YES;
				CLANG_WARN_OBJC_LITERAL_CONVERSION = YES;
				CLANG_WARN_OBJC_ROOT_CLASS = YES_ERROR;
				CLANG_WARN_RANGE_LOOP_ANALYSIS = YES;
				CLANG_WARN_STRICT_PROTOTYPES = YES;
				CLANG_WARN_SUSPICIOUS_MOVE = YES;
				CLANG_WARN_UNGUARDED_AVAILABILITY = YES_AGGRESSIVE;
				CLANG_WARN_UNREACHABLE_CODE = YES;
				CLANG_WARN__DUPLICATE_METHOD_MATCH = YES;
				COPY_PHASE_STRIP = NO;
				DEBUG_INFORMATION_FORMAT = "dwarf-with-dsym";
				ENABLE_NS_ASSERTIONS = NO;
				ENABLE_STRICT_OBJC_MSGSEND = YES;
				GCC_C_LANGUAGE_STANDARD = gnu11;
				GCC_NO_COMMON_BLOCKS = YES;
				GCC_WARN_64_TO_32_BIT_CONVERSION = YES;
				GCC_WARN_ABOUT_RETURN_TYPE = YES_ERROR;
				GCC_WARN_UNDECLARED_SELECTOR = YES;
				GCC_WARN_UNINITIALIZED_AUTOS = YES_AGGRESSIVE;
				GCC_WARN_UNUSED_FUNCTION = YES;
				GCC_WARN_UNUSED_VARIABLE = YES;
				IPHONEOS_DEPLOYMENT_TARGET = 13.0;
				MTL_ENABLE_DEBUG_INFO = NO;
				MTL_FAST_MATH = YES;
				SDKROOT = iphoneos;
				SWIFT_COMPILATION_MODE = wholemodule;
				SWIFT_OPTIMIZATION_LEVEL = "-O";
				VALIDATE_PRODUCT = YES;
			};
			name = Release;
		};
		ED625AD722B69F5900F01C3F /* Debug */ = {
			isa = XCBuildConfiguration;
			buildSettings = {
				ASSETCATALOG_COMPILER_APPICON_NAME = AppIcon;
				CODE_SIGN_STYLE = Automatic;
				DEVELOPMENT_ASSET_PATHS = "SwiftPackagesExplorer/Preview\\ Content";
				DEVELOPMENT_TEAM = AC5986BBE6;
				ENABLE_PREVIEWS = YES;
				INFOPLIST_FILE = SwiftPackagesExplorer/Info.plist;
				LD_RUNPATH_SEARCH_PATHS = (
					"$(inherited)",
					"@executable_path/Frameworks",
				);
				PRODUCT_BUNDLE_IDENTIFIER = com.kukushechkin.SwiftPackagesExplorer;
				PRODUCT_NAME = "$(TARGET_NAME)";
				SWIFT_VERSION = 5.0;
				TARGETED_DEVICE_FAMILY = "1,2";
			};
			name = Debug;
		};
		ED625AD822B69F5900F01C3F /* Release */ = {
			isa = XCBuildConfiguration;
			buildSettings = {
				ASSETCATALOG_COMPILER_APPICON_NAME = AppIcon;
				CODE_SIGN_STYLE = Automatic;
				DEVELOPMENT_ASSET_PATHS = "SwiftPackagesExplorer/Preview\\ Content";
				DEVELOPMENT_TEAM = AC5986BBE6;
				ENABLE_PREVIEWS = YES;
				INFOPLIST_FILE = SwiftPackagesExplorer/Info.plist;
				LD_RUNPATH_SEARCH_PATHS = (
					"$(inherited)",
					"@executable_path/Frameworks",
				);
				PRODUCT_BUNDLE_IDENTIFIER = com.kukushechkin.SwiftPackagesExplorer;
				PRODUCT_NAME = "$(TARGET_NAME)";
				SWIFT_VERSION = 5.0;
				TARGETED_DEVICE_FAMILY = "1,2";
			};
			name = Release;
		};
		ED625ADA22B69F5900F01C3F /* Debug */ = {
			isa = XCBuildConfiguration;
			buildSettings = {
				ALWAYS_EMBED_SWIFT_STANDARD_LIBRARIES = YES;
				BUNDLE_LOADER = "$(TEST_HOST)";
				CODE_SIGN_STYLE = Automatic;
				DEVELOPMENT_TEAM = AC5986BBE6;
				INFOPLIST_FILE = SwiftPackagesExplorerTests/Info.plist;
				LD_RUNPATH_SEARCH_PATHS = (
					"$(inherited)",
					"@executable_path/Frameworks",
					"@loader_path/Frameworks",
				);
				PRODUCT_BUNDLE_IDENTIFIER = com.kukushechkin.SwiftPackagesExplorerTests;
				PRODUCT_NAME = "$(TARGET_NAME)";
				SWIFT_VERSION = 5.0;
				TARGETED_DEVICE_FAMILY = "1,2";
				TEST_HOST = "$(BUILT_PRODUCTS_DIR)/SwiftPackagesExplorer.app/SwiftPackagesExplorer";
			};
			name = Debug;
		};
		ED625ADB22B69F5900F01C3F /* Release */ = {
			isa = XCBuildConfiguration;
			buildSettings = {
				ALWAYS_EMBED_SWIFT_STANDARD_LIBRARIES = YES;
				BUNDLE_LOADER = "$(TEST_HOST)";
				CODE_SIGN_STYLE = Automatic;
				DEVELOPMENT_TEAM = AC5986BBE6;
				INFOPLIST_FILE = SwiftPackagesExplorerTests/Info.plist;
				LD_RUNPATH_SEARCH_PATHS = (
					"$(inherited)",
					"@executable_path/Frameworks",
					"@loader_path/Frameworks",
				);
				PRODUCT_BUNDLE_IDENTIFIER = com.kukushechkin.SwiftPackagesExplorerTests;
				PRODUCT_NAME = "$(TARGET_NAME)";
				SWIFT_VERSION = 5.0;
				TARGETED_DEVICE_FAMILY = "1,2";
				TEST_HOST = "$(BUILT_PRODUCTS_DIR)/SwiftPackagesExplorer.app/SwiftPackagesExplorer";
			};
			name = Release;
		};
		ED625ADD22B69F5900F01C3F /* Debug */ = {
			isa = XCBuildConfiguration;
			buildSettings = {
				ALWAYS_EMBED_SWIFT_STANDARD_LIBRARIES = YES;
				CODE_SIGN_STYLE = Automatic;
				DEVELOPMENT_TEAM = AC5986BBE6;
				INFOPLIST_FILE = SwiftPackagesExplorerUITests/Info.plist;
				LD_RUNPATH_SEARCH_PATHS = (
					"$(inherited)",
					"@executable_path/Frameworks",
					"@loader_path/Frameworks",
				);
				PRODUCT_BUNDLE_IDENTIFIER = com.kukushechkin.SwiftPackagesExplorerUITests;
				PRODUCT_NAME = "$(TARGET_NAME)";
				SWIFT_VERSION = 5.0;
				TARGETED_DEVICE_FAMILY = "1,2";
				TEST_TARGET_NAME = SwiftPackagesExplorer;
			};
			name = Debug;
		};
		ED625ADE22B69F5900F01C3F /* Release */ = {
			isa = XCBuildConfiguration;
			buildSettings = {
				ALWAYS_EMBED_SWIFT_STANDARD_LIBRARIES = YES;
				CODE_SIGN_STYLE = Automatic;
				DEVELOPMENT_TEAM = AC5986BBE6;
				INFOPLIST_FILE = SwiftPackagesExplorerUITests/Info.plist;
				LD_RUNPATH_SEARCH_PATHS = (
					"$(inherited)",
					"@executable_path/Frameworks",
					"@loader_path/Frameworks",
				);
				PRODUCT_BUNDLE_IDENTIFIER = com.kukushechkin.SwiftPackagesExplorerUITests;
				PRODUCT_NAME = "$(TARGET_NAME)";
				SWIFT_VERSION = 5.0;
				TARGETED_DEVICE_FAMILY = "1,2";
				TEST_TARGET_NAME = SwiftPackagesExplorer;
			};
			name = Release;
		};
/* End XCBuildConfiguration section */

/* Begin XCConfigurationList section */
		ED625AA722B69F5700F01C3F /* Build configuration list for PBXProject "SwiftPackagesExplorer" */ = {
			isa = XCConfigurationList;
			buildConfigurations = (
				ED625AD422B69F5900F01C3F /* Debug */,
				ED625AD522B69F5900F01C3F /* Release */,
			);
			defaultConfigurationIsVisible = 0;
			defaultConfigurationName = Release;
		};
		ED625AD622B69F5900F01C3F /* Build configuration list for PBXNativeTarget "SwiftPackagesExplorer" */ = {
			isa = XCConfigurationList;
			buildConfigurations = (
				ED625AD722B69F5900F01C3F /* Debug */,
				ED625AD822B69F5900F01C3F /* Release */,
			);
			defaultConfigurationIsVisible = 0;
			defaultConfigurationName = Release;
		};
		ED625AD922B69F5900F01C3F /* Build configuration list for PBXNativeTarget "SwiftPackagesExplorerTests" */ = {
			isa = XCConfigurationList;
			buildConfigurations = (
				ED625ADA22B69F5900F01C3F /* Debug */,
				ED625ADB22B69F5900F01C3F /* Release */,
			);
			defaultConfigurationIsVisible = 0;
			defaultConfigurationName = Release;
		};
		ED625ADC22B69F5900F01C3F /* Build configuration list for PBXNativeTarget "SwiftPackagesExplorerUITests" */ = {
			isa = XCConfigurationList;
			buildConfigurations = (
				ED625ADD22B69F5900F01C3F /* Debug */,
				ED625ADE22B69F5900F01C3F /* Release */,
			);
			defaultConfigurationIsVisible = 0;
			defaultConfigurationName = Release;
		};
/* End XCConfigurationList section */
	};
	rootObject = ED625AA422B69F5700F01C3F /* Project object */;
}
